// !$*UTF8*$!
{
	archiveVersion = 1;
	classes = {
	};
	objectVersion = 56;
	objects = {

/* Begin PBXBuildFile section */
		3920FD6329B7B1AC00A7B407 /* WeScroll.swift in Sources */ = {isa = PBXBuildFile; fileRef = 3920FD6229B7B1AB00A7B407 /* WeScroll.swift */; };
		3920FD6529B7BF9100A7B407 /* StaticList.swift in Sources */ = {isa = PBXBuildFile; fileRef = 3920FD6429B7BF9100A7B407 /* StaticList.swift */; };
		3920FD6729B7C49800A7B407 /* CustomRows.swift in Sources */ = {isa = PBXBuildFile; fileRef = 3920FD6629B7C49800A7B407 /* CustomRows.swift */; };
		3920FD6A29B7C51300A7B407 /* WeatherInfo.swift in Sources */ = {isa = PBXBuildFile; fileRef = 3920FD6929B7C51300A7B407 /* WeatherInfo.swift */; };
		3920FD6C29B7C57A00A7B407 /* WeatherRow.swift in Sources */ = {isa = PBXBuildFile; fileRef = 3920FD6B29B7C57A00A7B407 /* WeatherRow.swift */; };
		3920FD6F29B8F27200A7B407 /* ListRowAdd.swift in Sources */ = {isa = PBXBuildFile; fileRef = 3920FD6E29B8F27200A7B407 /* ListRowAdd.swift */; };
		3920FD7229B8F58000A7B407 /* ListViewDelete.swift in Sources */ = {isa = PBXBuildFile; fileRef = 3920FD7129B8F58000A7B407 /* ListViewDelete.swift */; };
		3920FD7529B8F92300A7B407 /* ListRowEdit.swift in Sources */ = {isa = PBXBuildFile; fileRef = 3920FD7429B8F92300A7B407 /* ListRowEdit.swift */; };
		3920FD7829B8FCB800A7B407 /* ListWithSections.swift in Sources */ = {isa = PBXBuildFile; fileRef = 3920FD7729B8FCB800A7B407 /* ListWithSections.swift */; };
		3920FD7C29B8FD7800A7B407 /* EditableListsFields.swift in Sources */ = {isa = PBXBuildFile; fileRef = 3920FD7B29B8FD7800A7B407 /* EditableListsFields.swift */; };
		3927B942299F289F0031FDD5 /* UIKitToSwiftUIApp.swift in Sources */ = {isa = PBXBuildFile; fileRef = 3927B941299F289F0031FDD5 /* UIKitToSwiftUIApp.swift */; };
		3927B944299F289F0031FDD5 /* ContentView.swift in Sources */ = {isa = PBXBuildFile; fileRef = 3927B943299F289F0031FDD5 /* ContentView.swift */; };
		3927B946299F28A10031FDD5 /* Assets.xcassets in Resources */ = {isa = PBXBuildFile; fileRef = 3927B945299F28A10031FDD5 /* Assets.xcassets */; };
		3927B949299F28A10031FDD5 /* Preview Assets.xcassets in Resources */ = {isa = PBXBuildFile; fileRef = 3927B948299F28A10031FDD5 /* Preview Assets.xcassets */; };
		3927B952299F29580031FDD5 /* ActivityIndicator.swift in Sources */ = {isa = PBXBuildFile; fileRef = 3927B951299F29580031FDD5 /* ActivityIndicator.swift */; };
		3941FD7829D83C12002CED4D /* BuiltInShapes.swift in Sources */ = {isa = PBXBuildFile; fileRef = 3941FD7729D83C12002CED4D /* BuiltInShapes.swift */; };
		3941FD7A29D83ED5002CED4D /* RhombusApp.swift in Sources */ = {isa = PBXBuildFile; fileRef = 3941FD7929D83ED5002CED4D /* RhombusApp.swift */; };
		3941FD7C29D84287002CED4D /* DrawingApp.swift in Sources */ = {isa = PBXBuildFile; fileRef = 3941FD7B29D84287002CED4D /* DrawingApp.swift */; };
		3941FD7F29D84AA1002CED4D /* ProgressRing.swift in Sources */ = {isa = PBXBuildFile; fileRef = 3941FD7E29D84AA1002CED4D /* ProgressRing.swift */; };
		3941FD8229D852E0002CED4D /* CrossAndNought.swift in Sources */ = {isa = PBXBuildFile; fileRef = 3941FD8129D852E0002CED4D /* CrossAndNought.swift */; };
		3941FD8529D85956002CED4D /* LinearGradients.swift in Sources */ = {isa = PBXBuildFile; fileRef = 3941FD8429D85956002CED4D /* LinearGradients.swift */; };
		3941FD8729D85971002CED4D /* extenstion.swift in Sources */ = {isa = PBXBuildFile; fileRef = 3941FD8629D85971002CED4D /* extenstion.swift */; };
		397CB96C29CDB52D000D796D /* LoginView.swift in Sources */ = {isa = PBXBuildFile; fileRef = 397CB96B29CDB52D000D796D /* LoginView.swift */; };
		398DF44729D03C6200E36B4F /* HomeView.swift in Sources */ = {isa = PBXBuildFile; fileRef = 398DF44629D03C6200E36B4F /* HomeView.swift */; };
		398DF44B29D03DCB00E36B4F /* Currency.swift in Sources */ = {isa = PBXBuildFile; fileRef = 398DF44A29D03DCB00E36B4F /* Currency.swift */; };
		398DF44D29D03E8B00E36B4F /* CurrencyView.swift in Sources */ = {isa = PBXBuildFile; fileRef = 398DF44C29D03E8B00E36B4F /* CurrencyView.swift */; };
		398DF44F29D0428A00E36B4F /* HomeTabView.swift in Sources */ = {isa = PBXBuildFile; fileRef = 398DF44E29D0428A00E36B4F /* HomeTabView.swift */; };
		398DF45229D055D000E36B4F /* PresentingAlerts.swift in Sources */ = {isa = PBXBuildFile; fileRef = 398DF45129D055D000E36B4F /* PresentingAlerts.swift */; };
		398DF45429D056DE00E36B4F /* OldAlert.swift in Sources */ = {isa = PBXBuildFile; fileRef = 398DF45329D056DE00E36B4F /* OldAlert.swift */; };
		398DF45729D05B3B00E36B4F /* PresentingConfirmationDialogs.swift in Sources */ = {isa = PBXBuildFile; fileRef = 398DF45629D05B3B00E36B4F /* PresentingConfirmationDialogs.swift */; };
		398DF45A29D05CEE00E36B4F /* PresentingSheets.swift in Sources */ = {isa = PBXBuildFile; fileRef = 398DF45929D05CEE00E36B4F /* PresentingSheets.swift */; };
		398DF45C29D05F2900E36B4F /* SheetView.swift in Sources */ = {isa = PBXBuildFile; fileRef = 398DF45B29D05F2900E36B4F /* SheetView.swift */; };
		398DF45E29D0613400E36B4F /* SheetWithNavView.swift in Sources */ = {isa = PBXBuildFile; fileRef = 398DF45D29D0613400E36B4F /* SheetWithNavView.swift */; };
		39BC497529D8A9120039926D /* RadialGradientView.swift in Sources */ = {isa = PBXBuildFile; fileRef = 39BC497429D8A9120039926D /* RadialGradientView.swift */; };
		39BC497729D98DD20039926D /* AngularGradientView.swift in Sources */ = {isa = PBXBuildFile; fileRef = 39BC497629D98DD20039926D /* AngularGradientView.swift */; };
		39BC497929D98EEF0039926D /* GradientTabView.swift in Sources */ = {isa = PBXBuildFile; fileRef = 39BC497829D98EEF0039926D /* GradientTabView.swift */; };
		39BC497C29D9914D0039926D /* ChartModel.swift in Sources */ = {isa = PBXBuildFile; fileRef = 39BC497B29D9914D0039926D /* ChartModel.swift */; };
		39BC497E29D9960F0039926D /* BarView.swift in Sources */ = {isa = PBXBuildFile; fileRef = 39BC497D29D9960F0039926D /* BarView.swift */; };
		39BC498029D9971D0039926D /* BarChartView.swift in Sources */ = {isa = PBXBuildFile; fileRef = 39BC497F29D9971D0039926D /* BarChartView.swift */; };
		39F1CEFD29CCA78200D68723 /* SwiftUIView.swift in Sources */ = {isa = PBXBuildFile; fileRef = 39F1CEFC29CCA78200D68723 /* SwiftUIView.swift */; };
		39F1CF0029CCA9DD00D68723 /* LazyGrid.swift in Sources */ = {isa = PBXBuildFile; fileRef = 39F1CEFF29CCA9DD00D68723 /* LazyGrid.swift */; };
		39F1CF0329CCB09E00D68723 /* SignUpView.swift in Sources */ = {isa = PBXBuildFile; fileRef = 39F1CF0229CCB09E00D68723 /* SignUpView.swift */; };
/* End PBXBuildFile section */

/* Begin PBXFileReference section */
		3920FD6229B7B1AB00A7B407 /* WeScroll.swift */ = {isa = PBXFileReference; lastKnownFileType = sourcecode.swift; path = WeScroll.swift; sourceTree = "<group>"; };
		3920FD6429B7BF9100A7B407 /* StaticList.swift */ = {isa = PBXFileReference; lastKnownFileType = sourcecode.swift; path = StaticList.swift; sourceTree = "<group>"; };
		3920FD6629B7C49800A7B407 /* CustomRows.swift */ = {isa = PBXFileReference; lastKnownFileType = sourcecode.swift; path = CustomRows.swift; sourceTree = "<group>"; };
		3920FD6929B7C51300A7B407 /* WeatherInfo.swift */ = {isa = PBXFileReference; lastKnownFileType = sourcecode.swift; path = WeatherInfo.swift; sourceTree = "<group>"; };
		3920FD6B29B7C57A00A7B407 /* WeatherRow.swift */ = {isa = PBXFileReference; lastKnownFileType = sourcecode.swift; path = WeatherRow.swift; sourceTree = "<group>"; };
		3920FD6E29B8F27200A7B407 /* ListRowAdd.swift */ = {isa = PBXFileReference; lastKnownFileType = sourcecode.swift; path = ListRowAdd.swift; sourceTree = "<group>"; };
		3920FD7129B8F58000A7B407 /* ListViewDelete.swift */ = {isa = PBXFileReference; lastKnownFileType = sourcecode.swift; path = ListViewDelete.swift; sourceTree = "<group>"; };
		3920FD7429B8F92300A7B407 /* ListRowEdit.swift */ = {isa = PBXFileReference; lastKnownFileType = sourcecode.swift; path = ListRowEdit.swift; sourceTree = "<group>"; };
		3920FD7729B8FCB800A7B407 /* ListWithSections.swift */ = {isa = PBXFileReference; lastKnownFileType = sourcecode.swift; path = ListWithSections.swift; sourceTree = "<group>"; };
		3920FD7B29B8FD7800A7B407 /* EditableListsFields.swift */ = {isa = PBXFileReference; lastKnownFileType = sourcecode.swift; path = EditableListsFields.swift; sourceTree = "<group>"; };
		3927B93E299F289F0031FDD5 /* UIKitToSwiftUI.app */ = {isa = PBXFileReference; explicitFileType = wrapper.application; includeInIndex = 0; path = UIKitToSwiftUI.app; sourceTree = BUILT_PRODUCTS_DIR; };
		3927B941299F289F0031FDD5 /* UIKitToSwiftUIApp.swift */ = {isa = PBXFileReference; lastKnownFileType = sourcecode.swift; path = UIKitToSwiftUIApp.swift; sourceTree = "<group>"; };
		3927B943299F289F0031FDD5 /* ContentView.swift */ = {isa = PBXFileReference; lastKnownFileType = sourcecode.swift; path = ContentView.swift; sourceTree = "<group>"; };
		3927B945299F28A10031FDD5 /* Assets.xcassets */ = {isa = PBXFileReference; lastKnownFileType = folder.assetcatalog; path = Assets.xcassets; sourceTree = "<group>"; };
		3927B948299F28A10031FDD5 /* Preview Assets.xcassets */ = {isa = PBXFileReference; lastKnownFileType = folder.assetcatalog; path = "Preview Assets.xcassets"; sourceTree = "<group>"; };
		3927B951299F29580031FDD5 /* ActivityIndicator.swift */ = {isa = PBXFileReference; lastKnownFileType = sourcecode.swift; path = ActivityIndicator.swift; sourceTree = "<group>"; };
		3941FD7729D83C12002CED4D /* BuiltInShapes.swift */ = {isa = PBXFileReference; lastKnownFileType = sourcecode.swift; path = BuiltInShapes.swift; sourceTree = "<group>"; };
		3941FD7929D83ED5002CED4D /* RhombusApp.swift */ = {isa = PBXFileReference; lastKnownFileType = sourcecode.swift; path = RhombusApp.swift; sourceTree = "<group>"; };
		3941FD7B29D84287002CED4D /* DrawingApp.swift */ = {isa = PBXFileReference; lastKnownFileType = sourcecode.swift; path = DrawingApp.swift; sourceTree = "<group>"; };
		3941FD7E29D84AA1002CED4D /* ProgressRing.swift */ = {isa = PBXFileReference; lastKnownFileType = sourcecode.swift; path = ProgressRing.swift; sourceTree = "<group>"; };
		3941FD8129D852E0002CED4D /* CrossAndNought.swift */ = {isa = PBXFileReference; lastKnownFileType = sourcecode.swift; path = CrossAndNought.swift; sourceTree = "<group>"; };
		3941FD8429D85956002CED4D /* LinearGradients.swift */ = {isa = PBXFileReference; lastKnownFileType = sourcecode.swift; path = LinearGradients.swift; sourceTree = "<group>"; };
		3941FD8629D85971002CED4D /* extenstion.swift */ = {isa = PBXFileReference; lastKnownFileType = sourcecode.swift; path = extenstion.swift; sourceTree = "<group>"; };
		397CB96B29CDB52D000D796D /* LoginView.swift */ = {isa = PBXFileReference; lastKnownFileType = sourcecode.swift; path = LoginView.swift; sourceTree = "<group>"; };
		398DF44629D03C6200E36B4F /* HomeView.swift */ = {isa = PBXFileReference; lastKnownFileType = sourcecode.swift; path = HomeView.swift; sourceTree = "<group>"; };
		398DF44A29D03DCB00E36B4F /* Currency.swift */ = {isa = PBXFileReference; lastKnownFileType = sourcecode.swift; path = Currency.swift; sourceTree = "<group>"; };
		398DF44C29D03E8B00E36B4F /* CurrencyView.swift */ = {isa = PBXFileReference; lastKnownFileType = sourcecode.swift; path = CurrencyView.swift; sourceTree = "<group>"; };
		398DF44E29D0428A00E36B4F /* HomeTabView.swift */ = {isa = PBXFileReference; lastKnownFileType = sourcecode.swift; path = HomeTabView.swift; sourceTree = "<group>"; };
		398DF45129D055D000E36B4F /* PresentingAlerts.swift */ = {isa = PBXFileReference; lastKnownFileType = sourcecode.swift; path = PresentingAlerts.swift; sourceTree = "<group>"; };
		398DF45329D056DE00E36B4F /* OldAlert.swift */ = {isa = PBXFileReference; lastKnownFileType = sourcecode.swift; path = OldAlert.swift; sourceTree = "<group>"; };
		398DF45629D05B3B00E36B4F /* PresentingConfirmationDialogs.swift */ = {isa = PBXFileReference; lastKnownFileType = sourcecode.swift; path = PresentingConfirmationDialogs.swift; sourceTree = "<group>"; };
		398DF45929D05CEE00E36B4F /* PresentingSheets.swift */ = {isa = PBXFileReference; lastKnownFileType = sourcecode.swift; path = PresentingSheets.swift; sourceTree = "<group>"; };
		398DF45B29D05F2900E36B4F /* SheetView.swift */ = {isa = PBXFileReference; lastKnownFileType = sourcecode.swift; path = SheetView.swift; sourceTree = "<group>"; };
		398DF45D29D0613400E36B4F /* SheetWithNavView.swift */ = {isa = PBXFileReference; lastKnownFileType = sourcecode.swift; path = SheetWithNavView.swift; sourceTree = "<group>"; };
		39BC497429D8A9120039926D /* RadialGradientView.swift */ = {isa = PBXFileReference; lastKnownFileType = sourcecode.swift; path = RadialGradientView.swift; sourceTree = "<group>"; };
		39BC497629D98DD20039926D /* AngularGradientView.swift */ = {isa = PBXFileReference; lastKnownFileType = sourcecode.swift; path = AngularGradientView.swift; sourceTree = "<group>"; };
		39BC497829D98EEF0039926D /* GradientTabView.swift */ = {isa = PBXFileReference; lastKnownFileType = sourcecode.swift; path = GradientTabView.swift; sourceTree = "<group>"; };
		39BC497B29D9914D0039926D /* ChartModel.swift */ = {isa = PBXFileReference; lastKnownFileType = sourcecode.swift; path = ChartModel.swift; sourceTree = "<group>"; };
		39BC497D29D9960F0039926D /* BarView.swift */ = {isa = PBXFileReference; lastKnownFileType = sourcecode.swift; path = BarView.swift; sourceTree = "<group>"; };
		39BC497F29D9971D0039926D /* BarChartView.swift */ = {isa = PBXFileReference; lastKnownFileType = sourcecode.swift; path = BarChartView.swift; sourceTree = "<group>"; };
		39F1CEFC29CCA78200D68723 /* SwiftUIView.swift */ = {isa = PBXFileReference; lastKnownFileType = sourcecode.swift; path = SwiftUIView.swift; sourceTree = "<group>"; };
		39F1CEFF29CCA9DD00D68723 /* LazyGrid.swift */ = {isa = PBXFileReference; lastKnownFileType = sourcecode.swift; path = LazyGrid.swift; sourceTree = "<group>"; };
		39F1CF0229CCB09E00D68723 /* SignUpView.swift */ = {isa = PBXFileReference; lastKnownFileType = sourcecode.swift; path = SignUpView.swift; sourceTree = "<group>"; };
/* End PBXFileReference section */

/* Begin PBXFrameworksBuildPhase section */
		3927B93B299F289F0031FDD5 /* Frameworks */ = {
			isa = PBXFrameworksBuildPhase;
			buildActionMask = 2147483647;
			files = (
			);
			runOnlyForDeploymentPostprocessing = 0;
		};
/* End PBXFrameworksBuildPhase section */

/* Begin PBXGroup section */
		3920FD6829B7C4F600A7B407 /* custom_row */ = {
			isa = PBXGroup;
			children = (
				3920FD6629B7C49800A7B407 /* CustomRows.swift */,
				3920FD6B29B7C57A00A7B407 /* WeatherRow.swift */,
				3920FD6929B7C51300A7B407 /* WeatherInfo.swift */,
			);
			path = custom_row;
			sourceTree = "<group>";
		};
		3920FD6D29B8F24F00A7B407 /* llist_row_add */ = {
			isa = PBXGroup;
			children = (
				3920FD6E29B8F27200A7B407 /* ListRowAdd.swift */,
			);
			path = llist_row_add;
			sourceTree = "<group>";
		};
		3920FD7029B8F56600A7B407 /* list_row_delete */ = {
			isa = PBXGroup;
			children = (
				3920FD7129B8F58000A7B407 /* ListViewDelete.swift */,
			);
			path = list_row_delete;
			sourceTree = "<group>";
		};
		3920FD7329B8F90D00A7B407 /* list_row_edit */ = {
			isa = PBXGroup;
			children = (
				3920FD7429B8F92300A7B407 /* ListRowEdit.swift */,
			);
			path = list_row_edit;
			sourceTree = "<group>";
		};
		3920FD7629B8FC9800A7B407 /* ListSections */ = {
			isa = PBXGroup;
			children = (
				3920FD7729B8FCB800A7B407 /* ListWithSections.swift */,
			);
			path = ListSections;
			sourceTree = "<group>";
		};
		3920FD7A29B8FD6D00A7B407 /* EditableListsFields */ = {
			isa = PBXGroup;
			children = (
				3920FD7B29B8FD7800A7B407 /* EditableListsFields.swift */,
			);
			path = EditableListsFields;
			sourceTree = "<group>";
		};
		3927B935299F289F0031FDD5 = {
			isa = PBXGroup;
			children = (
				3927B951299F29580031FDD5 /* ActivityIndicator.swift */,
				3927B940299F289F0031FDD5 /* UIKitToSwiftUI */,
				3927B93F299F289F0031FDD5 /* Products */,
			);
			sourceTree = "<group>";
		};
		3927B93F299F289F0031FDD5 /* Products */ = {
			isa = PBXGroup;
			children = (
				3927B93E299F289F0031FDD5 /* UIKitToSwiftUI.app */,
			);
			name = Products;
			sourceTree = "<group>";
		};
		3927B940299F289F0031FDD5 /* UIKitToSwiftUI */ = {
			isa = PBXGroup;
			children = (
				39BC497A29D9911B0039926D /* BarChart */,
				3941FD8329D85941002CED4D /* GradientViews */,
				3941FD8029D85225002CED4D /* TicTacToe */,
				3941FD7D29D84A8F002CED4D /* ProgressRings */,
				3941FD7629D83C06002CED4D /* DrawingShapes */,
				398DF45829D05CE400E36B4F /* SheetView */,
				398DF45529D05B3000E36B4F /* PresentingConfirmationDialogs */,
				398DF45029D0553000E36B4F /* PresentingAlerts */,
				398DF44529D03C4B00E36B4F /* UsingTabViews */,
				397CB96A29CDB514000D796D /* LoginView */,
				39F1CF0129CCB08D00D68723 /* SignUp */,
				39F1CEFE29CCA9C900D68723 /* LazyGrid */,
				39F1CEFB29CCA76600D68723 /* LazyStack */,
				3920FD7A29B8FD6D00A7B407 /* EditableListsFields */,
				3920FD7629B8FC9800A7B407 /* ListSections */,
				3920FD7329B8F90D00A7B407 /* list_row_edit */,
				3920FD7029B8F56600A7B407 /* list_row_delete */,
				3920FD6D29B8F24F00A7B407 /* llist_row_add */,
				3920FD6229B7B1AB00A7B407 /* WeScroll.swift */,
				3927B941299F289F0031FDD5 /* UIKitToSwiftUIApp.swift */,
				3927B943299F289F0031FDD5 /* ContentView.swift */,
				3927B945299F28A10031FDD5 /* Assets.xcassets */,
				3927B947299F28A10031FDD5 /* Preview Content */,
				3920FD6429B7BF9100A7B407 /* StaticList.swift */,
				3920FD6829B7C4F600A7B407 /* custom_row */,
				3941FD8629D85971002CED4D /* extenstion.swift */,
			);
			path = UIKitToSwiftUI;
			sourceTree = "<group>";
		};
		3927B947299F28A10031FDD5 /* Preview Content */ = {
			isa = PBXGroup;
			children = (
				3927B948299F28A10031FDD5 /* Preview Assets.xcassets */,
			);
			path = "Preview Content";
			sourceTree = "<group>";
		};
		3941FD7629D83C06002CED4D /* DrawingShapes */ = {
			isa = PBXGroup;
			children = (
				3941FD7729D83C12002CED4D /* BuiltInShapes.swift */,
				3941FD7929D83ED5002CED4D /* RhombusApp.swift */,
				3941FD7B29D84287002CED4D /* DrawingApp.swift */,
			);
			path = DrawingShapes;
			sourceTree = "<group>";
		};
		3941FD7D29D84A8F002CED4D /* ProgressRings */ = {
			isa = PBXGroup;
			children = (
				3941FD7E29D84AA1002CED4D /* ProgressRing.swift */,
			);
			path = ProgressRings;
			sourceTree = "<group>";
		};
		3941FD8029D85225002CED4D /* TicTacToe */ = {
			isa = PBXGroup;
			children = (
				3941FD8129D852E0002CED4D /* CrossAndNought.swift */,
			);
			path = TicTacToe;
			sourceTree = "<group>";
		};
		3941FD8329D85941002CED4D /* GradientViews */ = {
			isa = PBXGroup;
			children = (
				3941FD8429D85956002CED4D /* LinearGradients.swift */,
				39BC497429D8A9120039926D /* RadialGradientView.swift */,
				39BC497629D98DD20039926D /* AngularGradientView.swift */,
				39BC497829D98EEF0039926D /* GradientTabView.swift */,
			);
			path = GradientViews;
			sourceTree = "<group>";
		};
		397CB96A29CDB514000D796D /* LoginView */ = {
			isa = PBXGroup;
			children = (
				397CB96B29CDB52D000D796D /* LoginView.swift */,
			);
			path = LoginView;
			sourceTree = "<group>";
		};
		398DF44529D03C4B00E36B4F /* UsingTabViews */ = {
			isa = PBXGroup;
			children = (
				398DF44629D03C6200E36B4F /* HomeView.swift */,
				398DF44A29D03DCB00E36B4F /* Currency.swift */,
				398DF44C29D03E8B00E36B4F /* CurrencyView.swift */,
				398DF44E29D0428A00E36B4F /* HomeTabView.swift */,
			);
			path = UsingTabViews;
			sourceTree = "<group>";
		};
		398DF45029D0553000E36B4F /* PresentingAlerts */ = {
			isa = PBXGroup;
			children = (
				398DF45129D055D000E36B4F /* PresentingAlerts.swift */,
				398DF45329D056DE00E36B4F /* OldAlert.swift */,
			);
			path = PresentingAlerts;
			sourceTree = "<group>";
		};
		398DF45529D05B3000E36B4F /* PresentingConfirmationDialogs */ = {
			isa = PBXGroup;
			children = (
				398DF45629D05B3B00E36B4F /* PresentingConfirmationDialogs.swift */,
			);
			path = PresentingConfirmationDialogs;
			sourceTree = "<group>";
		};
		398DF45829D05CE400E36B4F /* SheetView */ = {
			isa = PBXGroup;
			children = (
				398DF45929D05CEE00E36B4F /* PresentingSheets.swift */,
				398DF45B29D05F2900E36B4F /* SheetView.swift */,
				398DF45D29D0613400E36B4F /* SheetWithNavView.swift */,
			);
			path = SheetView;
			sourceTree = "<group>";
		};
		39BC497A29D9911B0039926D /* BarChart */ = {
			isa = PBXGroup;
			children = (
				39BC497B29D9914D0039926D /* ChartModel.swift */,
				39BC497D29D9960F0039926D /* BarView.swift */,
				39BC497F29D9971D0039926D /* BarChartView.swift */,
			);
			path = BarChart;
			sourceTree = "<group>";
		};
		39F1CEFB29CCA76600D68723 /* LazyStack */ = {
			isa = PBXGroup;
			children = (
				39F1CEFC29CCA78200D68723 /* SwiftUIView.swift */,
			);
			path = LazyStack;
			sourceTree = "<group>";
		};
		39F1CEFE29CCA9C900D68723 /* LazyGrid */ = {
			isa = PBXGroup;
			children = (
				39F1CEFF29CCA9DD00D68723 /* LazyGrid.swift */,
			);
			path = LazyGrid;
			sourceTree = "<group>";
		};
		39F1CF0129CCB08D00D68723 /* SignUp */ = {
			isa = PBXGroup;
			children = (
				39F1CF0229CCB09E00D68723 /* SignUpView.swift */,
			);
			path = SignUp;
			sourceTree = "<group>";
		};
/* End PBXGroup section */

/* Begin PBXNativeTarget section */
		3927B93D299F289F0031FDD5 /* UIKitToSwiftUI */ = {
			isa = PBXNativeTarget;
			buildConfigurationList = 3927B94C299F28A10031FDD5 /* Build configuration list for PBXNativeTarget "UIKitToSwiftUI" */;
			buildPhases = (
				3927B93A299F289F0031FDD5 /* Sources */,
				3927B93B299F289F0031FDD5 /* Frameworks */,
				3927B93C299F289F0031FDD5 /* Resources */,
			);
			buildRules = (
			);
			dependencies = (
			);
			name = UIKitToSwiftUI;
			productName = UIKitToSwiftUI;
			productReference = 3927B93E299F289F0031FDD5 /* UIKitToSwiftUI.app */;
			productType = "com.apple.product-type.application";
		};
/* End PBXNativeTarget section */

/* Begin PBXProject section */
		3927B936299F289F0031FDD5 /* Project object */ = {
			isa = PBXProject;
			attributes = {
				BuildIndependentTargetsInParallel = 1;
				LastSwiftUpdateCheck = 1410;
				LastUpgradeCheck = 1410;
				TargetAttributes = {
					3927B93D299F289F0031FDD5 = {
						CreatedOnToolsVersion = 14.1;
					};
				};
			};
			buildConfigurationList = 3927B939299F289F0031FDD5 /* Build configuration list for PBXProject "UIKitToSwiftUI" */;
			compatibilityVersion = "Xcode 14.0";
			developmentRegion = en;
			hasScannedForEncodings = 0;
			knownRegions = (
				en,
				Base,
			);
			mainGroup = 3927B935299F289F0031FDD5;
			productRefGroup = 3927B93F299F289F0031FDD5 /* Products */;
			projectDirPath = "";
			projectRoot = "";
			targets = (
				3927B93D299F289F0031FDD5 /* UIKitToSwiftUI */,
			);
		};
/* End PBXProject section */

/* Begin PBXResourcesBuildPhase section */
		3927B93C299F289F0031FDD5 /* Resources */ = {
			isa = PBXResourcesBuildPhase;
			buildActionMask = 2147483647;
			files = (
				3927B949299F28A10031FDD5 /* Preview Assets.xcassets in Resources */,
				3927B946299F28A10031FDD5 /* Assets.xcassets in Resources */,
			);
			runOnlyForDeploymentPostprocessing = 0;
		};
/* End PBXResourcesBuildPhase section */

/* Begin PBXSourcesBuildPhase section */
		3927B93A299F289F0031FDD5 /* Sources */ = {
			isa = PBXSourcesBuildPhase;
			buildActionMask = 2147483647;
			files = (
				3920FD6A29B7C51300A7B407 /* WeatherInfo.swift in Sources */,
				398DF45729D05B3B00E36B4F /* PresentingConfirmationDialogs.swift in Sources */,
				3920FD6529B7BF9100A7B407 /* StaticList.swift in Sources */,
				39BC497929D98EEF0039926D /* GradientTabView.swift in Sources */,
				3920FD6329B7B1AC00A7B407 /* WeScroll.swift in Sources */,
				3920FD6C29B7C57A00A7B407 /* WeatherRow.swift in Sources */,
				3941FD8529D85956002CED4D /* LinearGradients.swift in Sources */,
				39BC498029D9971D0039926D /* BarChartView.swift in Sources */,
				398DF44F29D0428A00E36B4F /* HomeTabView.swift in Sources */,
				39BC497C29D9914D0039926D /* ChartModel.swift in Sources */,
				3927B944299F289F0031FDD5 /* ContentView.swift in Sources */,
				398DF45429D056DE00E36B4F /* OldAlert.swift in Sources */,
				3941FD7C29D84287002CED4D /* DrawingApp.swift in Sources */,
				3920FD7C29B8FD7800A7B407 /* EditableListsFields.swift in Sources */,
				3941FD7829D83C12002CED4D /* BuiltInShapes.swift in Sources */,
				3941FD8229D852E0002CED4D /* CrossAndNought.swift in Sources */,
				3941FD7F29D84AA1002CED4D /* ProgressRing.swift in Sources */,
				3941FD8729D85971002CED4D /* extenstion.swift in Sources */,
				398DF45229D055D000E36B4F /* PresentingAlerts.swift in Sources */,
				39BC497E29D9960F0039926D /* BarView.swift in Sources */,
				3927B952299F29580031FDD5 /* ActivityIndicator.swift in Sources */,
				3920FD6F29B8F27200A7B407 /* ListRowAdd.swift in Sources */,
				39F1CEFD29CCA78200D68723 /* SwiftUIView.swift in Sources */,
				398DF45E29D0613400E36B4F /* SheetWithNavView.swift in Sources */,
				398DF44729D03C6200E36B4F /* HomeView.swift in Sources */,
				3920FD7229B8F58000A7B407 /* ListViewDelete.swift in Sources */,
				398DF45A29D05CEE00E36B4F /* PresentingSheets.swift in Sources */,
				398DF44D29D03E8B00E36B4F /* CurrencyView.swift in Sources */,
				3941FD7A29D83ED5002CED4D /* RhombusApp.swift in Sources */,
				397CB96C29CDB52D000D796D /* LoginView.swift in Sources */,
				398DF45C29D05F2900E36B4F /* SheetView.swift in Sources */,
				39F1CF0029CCA9DD00D68723 /* LazyGrid.swift in Sources */,
				3927B942299F289F0031FDD5 /* UIKitToSwiftUIApp.swift in Sources */,
				39F1CF0329CCB09E00D68723 /* SignUpView.swift in Sources */,
				398DF44B29D03DCB00E36B4F /* Currency.swift in Sources */,
				39BC497729D98DD20039926D /* AngularGradientView.swift in Sources */,
				3920FD7829B8FCB800A7B407 /* ListWithSections.swift in Sources */,
				3920FD6729B7C49800A7B407 /* CustomRows.swift in Sources */,
				3920FD7529B8F92300A7B407 /* ListRowEdit.swift in Sources */,
				39BC497529D8A9120039926D /* RadialGradientView.swift in Sources */,
			);
			runOnlyForDeploymentPostprocessing = 0;
		};
/* End PBXSourcesBuildPhase section */

/* Begin XCBuildConfiguration section */
		3927B94A299F28A10031FDD5 /* Debug */ = {
			isa = XCBuildConfiguration;
			buildSettings = {
				ALWAYS_SEARCH_USER_PATHS = NO;
				CLANG_ANALYZER_NONNULL = YES;
				CLANG_ANALYZER_NUMBER_OBJECT_CONVERSION = YES_AGGRESSIVE;
				CLANG_CXX_LANGUAGE_STANDARD = "gnu++20";
				CLANG_ENABLE_MODULES = YES;
				CLANG_ENABLE_OBJC_ARC = YES;
				CLANG_ENABLE_OBJC_WEAK = YES;
				CLANG_WARN_BLOCK_CAPTURE_AUTORELEASING = YES;
				CLANG_WARN_BOOL_CONVERSION = YES;
				CLANG_WARN_COMMA = YES;
				CLANG_WARN_CONSTANT_CONVERSION = YES;
				CLANG_WARN_DEPRECATED_OBJC_IMPLEMENTATIONS = YES;
				CLANG_WARN_DIRECT_OBJC_ISA_USAGE = YES_ERROR;
				CLANG_WARN_DOCUMENTATION_COMMENTS = YES;
				CLANG_WARN_EMPTY_BODY = YES;
				CLANG_WARN_ENUM_CONVERSION = YES;
				CLANG_WARN_INFINITE_RECURSION = YES;
				CLANG_WARN_INT_CONVERSION = YES;
				CLANG_WARN_NON_LITERAL_NULL_CONVERSION = YES;
				CLANG_WARN_OBJC_IMPLICIT_RETAIN_SELF = YES;
				CLANG_WARN_OBJC_LITERAL_CONVERSION = YES;
				CLANG_WARN_OBJC_ROOT_CLASS = YES_ERROR;
				CLANG_WARN_QUOTED_INCLUDE_IN_FRAMEWORK_HEADER = YES;
				CLANG_WARN_RANGE_LOOP_ANALYSIS = YES;
				CLANG_WARN_STRICT_PROTOTYPES = YES;
				CLANG_WARN_SUSPICIOUS_MOVE = YES;
				CLANG_WARN_UNGUARDED_AVAILABILITY = YES_AGGRESSIVE;
				CLANG_WARN_UNREACHABLE_CODE = YES;
				CLANG_WARN__DUPLICATE_METHOD_MATCH = YES;
				COPY_PHASE_STRIP = NO;
				DEBUG_INFORMATION_FORMAT = dwarf;
				ENABLE_STRICT_OBJC_MSGSEND = YES;
				ENABLE_TESTABILITY = YES;
				GCC_C_LANGUAGE_STANDARD = gnu11;
				GCC_DYNAMIC_NO_PIC = NO;
				GCC_NO_COMMON_BLOCKS = YES;
				GCC_OPTIMIZATION_LEVEL = 0;
				GCC_PREPROCESSOR_DEFINITIONS = (
					"DEBUG=1",
					"$(inherited)",
				);
				GCC_WARN_64_TO_32_BIT_CONVERSION = YES;
				GCC_WARN_ABOUT_RETURN_TYPE = YES_ERROR;
				GCC_WARN_UNDECLARED_SELECTOR = YES;
				GCC_WARN_UNINITIALIZED_AUTOS = YES_AGGRESSIVE;
				GCC_WARN_UNUSED_FUNCTION = YES;
				GCC_WARN_UNUSED_VARIABLE = YES;
				IPHONEOS_DEPLOYMENT_TARGET = 16.1;
				MTL_ENABLE_DEBUG_INFO = INCLUDE_SOURCE;
				MTL_FAST_MATH = YES;
				ONLY_ACTIVE_ARCH = YES;
				SDKROOT = iphoneos;
				SWIFT_ACTIVE_COMPILATION_CONDITIONS = DEBUG;
				SWIFT_OPTIMIZATION_LEVEL = "-Onone";
			};
			name = Debug;
		};
		3927B94B299F28A10031FDD5 /* Release */ = {
			isa = XCBuildConfiguration;
			buildSettings = {
				ALWAYS_SEARCH_USER_PATHS = NO;
				CLANG_ANALYZER_NONNULL = YES;
				CLANG_ANALYZER_NUMBER_OBJECT_CONVERSION = YES_AGGRESSIVE;
				CLANG_CXX_LANGUAGE_STANDARD = "gnu++20";
				CLANG_ENABLE_MODULES = YES;
				CLANG_ENABLE_OBJC_ARC = YES;
				CLANG_ENABLE_OBJC_WEAK = YES;
				CLANG_WARN_BLOCK_CAPTURE_AUTORELEASING = YES;
				CLANG_WARN_BOOL_CONVERSION = YES;
				CLANG_WARN_COMMA = YES;
				CLANG_WARN_CONSTANT_CONVERSION = YES;
				CLANG_WARN_DEPRECATED_OBJC_IMPLEMENTATIONS = YES;
				CLANG_WARN_DIRECT_OBJC_ISA_USAGE = YES_ERROR;
				CLANG_WARN_DOCUMENTATION_COMMENTS = YES;
				CLANG_WARN_EMPTY_BODY = YES;
				CLANG_WARN_ENUM_CONVERSION = YES;
				CLANG_WARN_INFINITE_RECURSION = YES;
				CLANG_WARN_INT_CONVERSION = YES;
				CLANG_WARN_NON_LITERAL_NULL_CONVERSION = YES;
				CLANG_WARN_OBJC_IMPLICIT_RETAIN_SELF = YES;
				CLANG_WARN_OBJC_LITERAL_CONVERSION = YES;
				CLANG_WARN_OBJC_ROOT_CLASS = YES_ERROR;
				CLANG_WARN_QUOTED_INCLUDE_IN_FRAMEWORK_HEADER = YES;
				CLANG_WARN_RANGE_LOOP_ANALYSIS = YES;
				CLANG_WARN_STRICT_PROTOTYPES = YES;
				CLANG_WARN_SUSPICIOUS_MOVE = YES;
				CLANG_WARN_UNGUARDED_AVAILABILITY = YES_AGGRESSIVE;
				CLANG_WARN_UNREACHABLE_CODE = YES;
				CLANG_WARN__DUPLICATE_METHOD_MATCH = YES;
				COPY_PHASE_STRIP = NO;
				DEBUG_INFORMATION_FORMAT = "dwarf-with-dsym";
				ENABLE_NS_ASSERTIONS = NO;
				ENABLE_STRICT_OBJC_MSGSEND = YES;
				GCC_C_LANGUAGE_STANDARD = gnu11;
				GCC_NO_COMMON_BLOCKS = YES;
				GCC_WARN_64_TO_32_BIT_CONVERSION = YES;
				GCC_WARN_ABOUT_RETURN_TYPE = YES_ERROR;
				GCC_WARN_UNDECLARED_SELECTOR = YES;
				GCC_WARN_UNINITIALIZED_AUTOS = YES_AGGRESSIVE;
				GCC_WARN_UNUSED_FUNCTION = YES;
				GCC_WARN_UNUSED_VARIABLE = YES;
				IPHONEOS_DEPLOYMENT_TARGET = 16.1;
				MTL_ENABLE_DEBUG_INFO = NO;
				MTL_FAST_MATH = YES;
				SDKROOT = iphoneos;
				SWIFT_COMPILATION_MODE = wholemodule;
				SWIFT_OPTIMIZATION_LEVEL = "-O";
				VALIDATE_PRODUCT = YES;
			};
			name = Release;
		};
		3927B94D299F28A10031FDD5 /* Debug */ = {
			isa = XCBuildConfiguration;
			buildSettings = {
				ASSETCATALOG_COMPILER_APPICON_NAME = AppIcon;
				ASSETCATALOG_COMPILER_GLOBAL_ACCENT_COLOR_NAME = AccentColor;
				CODE_SIGN_STYLE = Automatic;
				CURRENT_PROJECT_VERSION = 1;
				DEVELOPMENT_ASSET_PATHS = "\"UIKitToSwiftUI/Preview Content\"";
				DEVELOPMENT_TEAM = R88QX5B8GT;
				ENABLE_PREVIEWS = YES;
				GENERATE_INFOPLIST_FILE = YES;
				INFOPLIST_KEY_UIApplicationSceneManifest_Generation = YES;
				INFOPLIST_KEY_UIApplicationSupportsIndirectInputEvents = YES;
				INFOPLIST_KEY_UILaunchScreen_Generation = YES;
				INFOPLIST_KEY_UISupportedInterfaceOrientations_iPad = "UIInterfaceOrientationPortrait UIInterfaceOrientationPortraitUpsideDown UIInterfaceOrientationLandscapeLeft UIInterfaceOrientationLandscapeRight";
				INFOPLIST_KEY_UISupportedInterfaceOrientations_iPhone = "UIInterfaceOrientationPortrait UIInterfaceOrientationLandscapeLeft UIInterfaceOrientationLandscapeRight";
				LD_RUNPATH_SEARCH_PATHS = (
					"$(inherited)",
					"@executable_path/Frameworks",
				);
				MARKETING_VERSION = 1.0;
				PRODUCT_BUNDLE_IDENTIFIER = com.kodx.UIKitToSwiftUI;
				PRODUCT_NAME = "$(TARGET_NAME)";
				SWIFT_EMIT_LOC_STRINGS = YES;
				SWIFT_VERSION = 5.0;
				TARGETED_DEVICE_FAMILY = "1,2";
			};
			name = Debug;
		};
		3927B94E299F28A10031FDD5 /* Release */ = {
			isa = XCBuildConfiguration;
			buildSettings = {
				ASSETCATALOG_COMPILER_APPICON_NAME = AppIcon;
				ASSETCATALOG_COMPILER_GLOBAL_ACCENT_COLOR_NAME = AccentColor;
				CODE_SIGN_STYLE = Automatic;
				CURRENT_PROJECT_VERSION = 1;
				DEVELOPMENT_ASSET_PATHS = "\"UIKitToSwiftUI/Preview Content\"";
				DEVELOPMENT_TEAM = R88QX5B8GT;
				ENABLE_PREVIEWS = YES;
				GENERATE_INFOPLIST_FILE = YES;
				INFOPLIST_KEY_UIApplicationSceneManifest_Generation = YES;
				INFOPLIST_KEY_UIApplicationSupportsIndirectInputEvents = YES;
				INFOPLIST_KEY_UILaunchScreen_Generation = YES;
				INFOPLIST_KEY_UISupportedInterfaceOrientations_iPad = "UIInterfaceOrientationPortrait UIInterfaceOrientationPortraitUpsideDown UIInterfaceOrientationLandscapeLeft UIInterfaceOrientationLandscapeRight";
				INFOPLIST_KEY_UISupportedInterfaceOrientations_iPhone = "UIInterfaceOrientationPortrait UIInterfaceOrientationLandscapeLeft UIInterfaceOrientationLandscapeRight";
				LD_RUNPATH_SEARCH_PATHS = (
					"$(inherited)",
					"@executable_path/Frameworks",
				);
				MARKETING_VERSION = 1.0;
				PRODUCT_BUNDLE_IDENTIFIER = com.kodx.UIKitToSwiftUI;
				PRODUCT_NAME = "$(TARGET_NAME)";
				SWIFT_EMIT_LOC_STRINGS = YES;
				SWIFT_VERSION = 5.0;
				TARGETED_DEVICE_FAMILY = "1,2";
			};
			name = Release;
		};
/* End XCBuildConfiguration section */

/* Begin XCConfigurationList section */
		3927B939299F289F0031FDD5 /* Build configuration list for PBXProject "UIKitToSwiftUI" */ = {
			isa = XCConfigurationList;
			buildConfigurations = (
				3927B94A299F28A10031FDD5 /* Debug */,
				3927B94B299F28A10031FDD5 /* Release */,
			);
			defaultConfigurationIsVisible = 0;
			defaultConfigurationName = Release;
		};
		3927B94C299F28A10031FDD5 /* Build configuration list for PBXNativeTarget "UIKitToSwiftUI" */ = {
			isa = XCConfigurationList;
			buildConfigurations = (
				3927B94D299F28A10031FDD5 /* Debug */,
				3927B94E299F28A10031FDD5 /* Release */,
			);
			defaultConfigurationIsVisible = 0;
			defaultConfigurationName = Release;
		};
/* End XCConfigurationList section */
	};
	rootObject = 3927B936299F289F0031FDD5 /* Project object */;
}
